
Microsoft Visual Studio Solution File, Format Version 12.00
# Visual Studio Version 16
VisualStudioVersion = 16.0.34031.81
MinimumVisualStudioVersion = 10.0.40219.1
Project("{2150E333-8FDC-42A3-9474-1A3956D46DE8}") = "Task4", "Task4", "{3BFEE18A-0BF6-4078-9925-F79BDE57816F}"
EndProject
Project("{FAE04EC0-301F-11D3-BF4B-00C04F79EFBC}") = "Tyuiu.GaleevTS.Sprint3.Task4.V16", "Tyuiu.GaleevTS.Sprint3.Task4.V16\Tyuiu.GaleevTS.Sprint3.Task4.V16.csproj", "{8CB61315-597A-452F-A063-E6D1F2FC7E2C}"
EndProject
Project("{FAE04EC0-301F-11D3-BF4B-00C04F79EFBC}") = "Tyuiu.GaleevTS.Sprint3.Task4.V16.Lib", "Tyuiu.GaleevTS.Sprint3.Task4.V16.Lib\Tyuiu.GaleevTS.Sprint3.Task4.V16.Lib.csproj", "{D2CEB6DC-237C-4BD7-A23E-F09E91464DEF}"
EndProject
Project("{FAE04EC0-301F-11D3-BF4B-00C04F79EFBC}") = "Tyuiu.GaleevTS.Sprint3.Task4.V16.Test", "Tyuiu.GaleevTS.Sprint3.Task4.V16.Test\Tyuiu.GaleevTS.Sprint3.Task4.V16.Test.csproj", "{54B67AD9-FC4B-484E-A1D6-BE79F3EE2542}"
EndProject
Project("{2150E333-8FDC-42A3-9474-1A3956D46DE8}") = "Task5", "Task5", "{86A563F3-F86D-45D2-8E14-4632B10925B4}"
EndProject
Project("{FAE04EC0-301F-11D3-BF4B-00C04F79EFBC}") = "Tyuiu.GaleevTS.Sprint3.Task5.V9", "Tyuiu.GaleevTS.Sprint3.Task5.V9\Tyuiu.GaleevTS.Sprint3.Task5.V9.csproj", "{58EB36F7-B773-4878-965E-4C6A01DC2FB8}"
EndProject
Project("{FAE04EC0-301F-11D3-BF4B-00C04F79EFBC}") = "Tyuiu.GaleevTS.Sprint3.Task5.V9.Lib", "Tyuiu.GaleevTS.Sprint3.Task5.V9.Lib\Tyuiu.GaleevTS.Sprint3.Task5.V9.Lib.csproj", "{2DEE0775-EAFE-4BB5-8C9E-179FA1EDF293}"
EndProject
Project("{FAE04EC0-301F-11D3-BF4B-00C04F79EFBC}") = "Tyuiu.GaleevTS.Sprint3.Task5.V9.Test", "Tyuiu.GaleevTS.Sprint3.Task5.V9.Test\Tyuiu.GaleevTS.Sprint3.Task5.V9.Test.csproj", "{EA86F910-768F-43FD-BC28-A58CE164C3ED}"
EndProject
Project("{2150E333-8FDC-42A3-9474-1A3956D46DE8}") = "Task6", "Task6", "{C69064C7-DC2F-4DBE-9200-41ED96391F52}"
EndProject
Project("{FAE04EC0-301F-11D3-BF4B-00C04F79EFBC}") = "Tyuiu.GaleevTS.Sprint3.Task6.V21", "Tyuiu.GaleevTS.Sprint3.Task6.V21\Tyuiu.GaleevTS.Sprint3.Task6.V21.csproj", "{B1E2B0D7-324B-4F02-94D1-818261E6D92A}"
EndProject
Project("{FAE04EC0-301F-11D3-BF4B-00C04F79EFBC}") = "Tyuiu.GaleevTS.Sprint3.Task6.V21.Lib", "Tyuiu.GaleevTS.Sprint3.Task6.V21.Lib\Tyuiu.GaleevTS.Sprint3.Task6.V21.Lib.csproj", "{8AC8C59C-07D3-460A-9DB7-A617F4988347}"
EndProject
Project("{FAE04EC0-301F-11D3-BF4B-00C04F79EFBC}") = "Tyuiu.GaleevTS.Sprint3.Task6.V21.Test", "Tyuiu.GaleevTS.Sprint3.Task6.V21.Test\Tyuiu.GaleevTS.Sprint3.Task6.V21.Test.csproj", "{CA89B46D-08BF-4BFB-8C36-DD678F027266}"
EndProject
Project("{2150E333-8FDC-42A3-9474-1A3956D46DE8}") = "Task7", "Task7", "{29406D53-9D20-4C37-9DC2-209A4E317CE9}"
EndProject
Project("{FAE04EC0-301F-11D3-BF4B-00C04F79EFBC}") = "Tyuiu.GaleevTS.Sprint3.Task7.V17", "Tyuiu.GaleevTS.Sprint3.Task7.V17\Tyuiu.GaleevTS.Sprint3.Task7.V17.csproj", "{C52000FA-200E-4B54-8EE9-7C4BA49637E4}"
EndProject
Project("{FAE04EC0-301F-11D3-BF4B-00C04F79EFBC}") = "Tyuiu.GaleevTS.Sprint3.Task7.V17.Lib", "Tyuiu.GaleevTS.Sprint3.Task7.V17.Lib\Tyuiu.GaleevTS.Sprint3.Task7.V17.Lib.csproj", "{D66A5894-9492-4B70-BBDC-621B780BFD9C}"
EndProject
Project("{FAE04EC0-301F-11D3-BF4B-00C04F79EFBC}") = "Tyuiu.GaleevTS.Sprint3.Task7.V17.Test", "Tyuiu.GaleevTS.Sprint3.Task7.V17.Test\Tyuiu.GaleevTS.Sprint3.Task7.V17.Test.csproj", "{E94D2AA8-16BA-459D-B410-5C8F6AFF704F}"
EndProject
Project("{2150E333-8FDC-42A3-9474-1A3956D46DE8}") = "Task0", "Task0", "{B37E307D-03A3-4698-A11D-8CF4F40C178B}"
EndProject
Project("{FAE04EC0-301F-11D3-BF4B-00C04F79EFBC}") = "Tyuiu.GaleevTS.Sprint3.Task0.V2", "Tyuiu.GaleevTS.Sprint3.Task0.V2\Tyuiu.GaleevTS.Sprint3.Task0.V2.csproj", "{A0AFCD67-B042-499A-AA30-269664A31A5C}"
EndProject
Project("{FAE04EC0-301F-11D3-BF4B-00C04F79EFBC}") = "Tyuiu.GaleevTS.Sprint3.Task0.V2.Lib", "Tyuiu.GaleevTS.Sprint3.Task0.V2.Lib\Tyuiu.GaleevTS.Sprint3.Task0.V2.Lib.csproj", "{CA6177C5-EF4C-4D54-B744-943D44A23633}"
EndProject
Project("{FAE04EC0-301F-11D3-BF4B-00C04F79EFBC}") = "Tyuiu.GaleevTS.Sprint3.Task0.V2.Test", "Tyuiu.GaleevTS.Sprint3.Task0.V2.Test\Tyuiu.GaleevTS.Sprint3.Task0.V2.Test.csproj", "{14AFF978-F591-4F68-B281-8A193A540E43}"
EndProject
Project("{2150E333-8FDC-42A3-9474-1A3956D46DE8}") = "Task1", "Task1", "{A961B08B-F732-4C07-B2DF-673874CCDEB4}"
EndProject
Project("{FAE04EC0-301F-11D3-BF4B-00C04F79EFBC}") = "Tyuiu.GaleevTS.Sprint3.Task1.V14", "Tyuiu.GaleevTS.Sprint3.Task1.V14\Tyuiu.GaleevTS.Sprint3.Task1.V14.csproj", "{31E8FDAA-632C-4280-947E-39957B598183}"
EndProject
Project("{FAE04EC0-301F-11D3-BF4B-00C04F79EFBC}") = "Tyuiu.GaleevTS.Sprint3.Task1.V14.Lib", "Tyuiu.GaleevTS.Sprint3.Task1.V14.Lib\Tyuiu.GaleevTS.Sprint3.Task1.V14.Lib.csproj", "{88919607-6A3F-4F42-964F-74FB7E0F295A}"
EndProject
Project("{FAE04EC0-301F-11D3-BF4B-00C04F79EFBC}") = "Tyuiu.GaleevTS.Sprint3.Task1.V14.Test", "Tyuiu.GaleevTS.Sprint3.Task1.V14.Test\Tyuiu.GaleevTS.Sprint3.Task1.V14.Test.csproj", "{FCBDF2E6-1C44-469E-B645-16C7D54C3078}"
EndProject
Global
	GlobalSection(SolutionConfigurationPlatforms) = preSolution
		Debug|Any CPU = Debug|Any CPU
		Release|Any CPU = Release|Any CPU
	EndGlobalSection
	GlobalSection(ProjectConfigurationPlatforms) = postSolution
		{8CB61315-597A-452F-A063-E6D1F2FC7E2C}.Debug|Any CPU.ActiveCfg = Debug|Any CPU
		{8CB61315-597A-452F-A063-E6D1F2FC7E2C}.Debug|Any CPU.Build.0 = Debug|Any CPU
		{8CB61315-597A-452F-A063-E6D1F2FC7E2C}.Release|Any CPU.ActiveCfg = Release|Any CPU
		{8CB61315-597A-452F-A063-E6D1F2FC7E2C}.Release|Any CPU.Build.0 = Release|Any CPU
		{D2CEB6DC-237C-4BD7-A23E-F09E91464DEF}.Debug|Any CPU.ActiveCfg = Debug|Any CPU
		{D2CEB6DC-237C-4BD7-A23E-F09E91464DEF}.Debug|Any CPU.Build.0 = Debug|Any CPU
		{D2CEB6DC-237C-4BD7-A23E-F09E91464DEF}.Release|Any CPU.ActiveCfg = Release|Any CPU
		{D2CEB6DC-237C-4BD7-A23E-F09E91464DEF}.Release|Any CPU.Build.0 = Release|Any CPU
		{54B67AD9-FC4B-484E-A1D6-BE79F3EE2542}.Debug|Any CPU.ActiveCfg = Debug|Any CPU
		{54B67AD9-FC4B-484E-A1D6-BE79F3EE2542}.Debug|Any CPU.Build.0 = Debug|Any CPU
		{54B67AD9-FC4B-484E-A1D6-BE79F3EE2542}.Release|Any CPU.ActiveCfg = Release|Any CPU
		{54B67AD9-FC4B-484E-A1D6-BE79F3EE2542}.Release|Any CPU.Build.0 = Release|Any CPU
		{58EB36F7-B773-4878-965E-4C6A01DC2FB8}.Debug|Any CPU.ActiveCfg = Debug|Any CPU
		{58EB36F7-B773-4878-965E-4C6A01DC2FB8}.Debug|Any CPU.Build.0 = Debug|Any CPU
		{58EB36F7-B773-4878-965E-4C6A01DC2FB8}.Release|Any CPU.ActiveCfg = Release|Any CPU
		{58EB36F7-B773-4878-965E-4C6A01DC2FB8}.Release|Any CPU.Build.0 = Release|Any CPU
		{2DEE0775-EAFE-4BB5-8C9E-179FA1EDF293}.Debug|Any CPU.ActiveCfg = Debug|Any CPU
		{2DEE0775-EAFE-4BB5-8C9E-179FA1EDF293}.Debug|Any CPU.Build.0 = Debug|Any CPU
		{2DEE0775-EAFE-4BB5-8C9E-179FA1EDF293}.Release|Any CPU.ActiveCfg = Release|Any CPU
		{2DEE0775-EAFE-4BB5-8C9E-179FA1EDF293}.Release|Any CPU.Build.0 = Release|Any CPU
		{EA86F910-768F-43FD-BC28-A58CE164C3ED}.Debug|Any CPU.ActiveCfg = Debug|Any CPU
		{EA86F910-768F-43FD-BC28-A58CE164C3ED}.Debug|Any CPU.Build.0 = Debug|Any CPU
		{EA86F910-768F-43FD-BC28-A58CE164C3ED}.Release|Any CPU.ActiveCfg = Release|Any CPU
		{EA86F910-768F-43FD-BC28-A58CE164C3ED}.Release|Any CPU.Build.0 = Release|Any CPU
		{B1E2B0D7-324B-4F02-94D1-818261E6D92A}.Debug|Any CPU.ActiveCfg = Debug|Any CPU
		{B1E2B0D7-324B-4F02-94D1-818261E6D92A}.Debug|Any CPU.Build.0 = Debug|Any CPU
		{B1E2B0D7-324B-4F02-94D1-818261E6D92A}.Release|Any CPU.ActiveCfg = Release|Any CPU
		{B1E2B0D7-324B-4F02-94D1-818261E6D92A}.Release|Any CPU.Build.0 = Release|Any CPU
		{8AC8C59C-07D3-460A-9DB7-A617F4988347}.Debug|Any CPU.ActiveCfg = Debug|Any CPU
		{8AC8C59C-07D3-460A-9DB7-A617F4988347}.Debug|Any CPU.Build.0 = Debug|Any CPU
		{8AC8C59C-07D3-460A-9DB7-A617F4988347}.Release|Any CPU.ActiveCfg = Release|Any CPU
		{8AC8C59C-07D3-460A-9DB7-A617F4988347}.Release|Any CPU.Build.0 = Release|Any CPU
		{CA89B46D-08BF-4BFB-8C36-DD678F027266}.Debug|Any CPU.ActiveCfg = Debug|Any CPU
		{CA89B46D-08BF-4BFB-8C36-DD678F027266}.Debug|Any CPU.Build.0 = Debug|Any CPU
		{CA89B46D-08BF-4BFB-8C36-DD678F027266}.Release|Any CPU.ActiveCfg = Release|Any CPU
		{CA89B46D-08BF-4BFB-8C36-DD678F027266}.Release|Any CPU.Build.0 = Release|Any CPU
		{C52000FA-200E-4B54-8EE9-7C4BA49637E4}.Debug|Any CPU.ActiveCfg = Debug|Any CPU
		{C52000FA-200E-4B54-8EE9-7C4BA49637E4}.Debug|Any CPU.Build.0 = Debug|Any CPU
		{C52000FA-200E-4B54-8EE9-7C4BA49637E4}.Release|Any CPU.ActiveCfg = Release|Any CPU
		{C52000FA-200E-4B54-8EE9-7C4BA49637E4}.Release|Any CPU.Build.0 = Release|Any CPU
		{D66A5894-9492-4B70-BBDC-621B780BFD9C}.Debug|Any CPU.ActiveCfg = Debug|Any CPU
		{D66A5894-9492-4B70-BBDC-621B780BFD9C}.Debug|Any CPU.Build.0 = Debug|Any CPU
		{D66A5894-9492-4B70-BBDC-621B780BFD9C}.Release|Any CPU.ActiveCfg = Release|Any CPU
		{D66A5894-9492-4B70-BBDC-621B780BFD9C}.Release|Any CPU.Build.0 = Release|Any CPU
		{E94D2AA8-16BA-459D-B410-5C8F6AFF704F}.Debug|Any CPU.ActiveCfg = Debug|Any CPU
		{E94D2AA8-16BA-459D-B410-5C8F6AFF704F}.Debug|Any CPU.Build.0 = Debug|Any CPU
		{E94D2AA8-16BA-459D-B410-5C8F6AFF704F}.Release|Any CPU.ActiveCfg = Release|Any CPU
		{E94D2AA8-16BA-459D-B410-5C8F6AFF704F}.Release|Any CPU.Build.0 = Release|Any CPU
		{A0AFCD67-B042-499A-AA30-269664A31A5C}.Debug|Any CPU.ActiveCfg = Debug|Any CPU
		{A0AFCD67-B042-499A-AA30-269664A31A5C}.Debug|Any CPU.Build.0 = Debug|Any CPU
		{A0AFCD67-B042-499A-AA30-269664A31A5C}.Release|Any CPU.ActiveCfg = Release|Any CPU
		{A0AFCD67-B042-499A-AA30-269664A31A5C}.Release|Any CPU.Build.0 = Release|Any CPU
		{CA6177C5-EF4C-4D54-B744-943D44A23633}.Debug|Any CPU.ActiveCfg = Debug|Any CPU
		{CA6177C5-EF4C-4D54-B744-943D44A23633}.Debug|Any CPU.Build.0 = Debug|Any CPU
		{CA6177C5-EF4C-4D54-B744-943D44A23633}.Release|Any CPU.ActiveCfg = Release|Any CPU
		{CA6177C5-EF4C-4D54-B744-943D44A23633}.Release|Any CPU.Build.0 = Release|Any CPU
		{14AFF978-F591-4F68-B281-8A193A540E43}.Debug|Any CPU.ActiveCfg = Debug|Any CPU
		{14AFF978-F591-4F68-B281-8A193A540E43}.Debug|Any CPU.Build.0 = Debug|Any CPU
		{14AFF978-F591-4F68-B281-8A193A540E43}.Release|Any CPU.ActiveCfg = Release|Any CPU
		{14AFF978-F591-4F68-B281-8A193A540E43}.Release|Any CPU.Build.0 = Release|Any CPU
		{31E8FDAA-632C-4280-947E-39957B598183}.Debug|Any CPU.ActiveCfg = Debug|Any CPU
		{31E8FDAA-632C-4280-947E-39957B598183}.Debug|Any CPU.Build.0 = Debug|Any CPU
		{31E8FDAA-632C-4280-947E-39957B598183}.Release|Any CPU.ActiveCfg = Release|Any CPU
		{31E8FDAA-632C-4280-947E-39957B598183}.Release|Any CPU.Build.0 = Release|Any CPU
		{88919607-6A3F-4F42-964F-74FB7E0F295A}.Debug|Any CPU.ActiveCfg = Debug|Any CPU
		{88919607-6A3F-4F42-964F-74FB7E0F295A}.Debug|Any CPU.Build.0 = Debug|Any CPU
		{88919607-6A3F-4F42-964F-74FB7E0F295A}.Release|Any CPU.ActiveCfg = Release|Any CPU
		{88919607-6A3F-4F42-964F-74FB7E0F295A}.Release|Any CPU.Build.0 = Release|Any CPU
		{FCBDF2E6-1C44-469E-B645-16C7D54C3078}.Debug|Any CPU.ActiveCfg = Debug|Any CPU
		{FCBDF2E6-1C44-469E-B645-16C7D54C3078}.Debug|Any CPU.Build.0 = Debug|Any CPU
		{FCBDF2E6-1C44-469E-B645-16C7D54C3078}.Release|Any CPU.ActiveCfg = Release|Any CPU
		{FCBDF2E6-1C44-469E-B645-16C7D54C3078}.Release|Any CPU.Build.0 = Release|Any CPU
	EndGlobalSection
	GlobalSection(SolutionProperties) = preSolution
		HideSolutionNode = FALSE
	EndGlobalSection
	GlobalSection(NestedProjects) = preSolution
		{8CB61315-597A-452F-A063-E6D1F2FC7E2C} = {3BFEE18A-0BF6-4078-9925-F79BDE57816F}
		{D2CEB6DC-237C-4BD7-A23E-F09E91464DEF} = {3BFEE18A-0BF6-4078-9925-F79BDE57816F}
		{54B67AD9-FC4B-484E-A1D6-BE79F3EE2542} = {3BFEE18A-0BF6-4078-9925-F79BDE57816F}
		{58EB36F7-B773-4878-965E-4C6A01DC2FB8} = {86A563F3-F86D-45D2-8E14-4632B10925B4}
		{2DEE0775-EAFE-4BB5-8C9E-179FA1EDF293} = {86A563F3-F86D-45D2-8E14-4632B10925B4}
		{EA86F910-768F-43FD-BC28-A58CE164C3ED} = {86A563F3-F86D-45D2-8E14-4632B10925B4}
		{B1E2B0D7-324B-4F02-94D1-818261E6D92A} = {C69064C7-DC2F-4DBE-9200-41ED96391F52}
		{8AC8C59C-07D3-460A-9DB7-A617F4988347} = {C69064C7-DC2F-4DBE-9200-41ED96391F52}
		{CA89B46D-08BF-4BFB-8C36-DD678F027266} = {C69064C7-DC2F-4DBE-9200-41ED96391F52}
		{C52000FA-200E-4B54-8EE9-7C4BA49637E4} = {29406D53-9D20-4C37-9DC2-209A4E317CE9}
		{D66A5894-9492-4B70-BBDC-621B780BFD9C} = {29406D53-9D20-4C37-9DC2-209A4E317CE9}
		{E94D2AA8-16BA-459D-B410-5C8F6AFF704F} = {29406D53-9D20-4C37-9DC2-209A4E317CE9}
		{A0AFCD67-B042-499A-AA30-269664A31A5C} = {B37E307D-03A3-4698-A11D-8CF4F40C178B}
		{CA6177C5-EF4C-4D54-B744-943D44A23633} = {B37E307D-03A3-4698-A11D-8CF4F40C178B}
		{14AFF978-F591-4F68-B281-8A193A540E43} = {B37E307D-03A3-4698-A11D-8CF4F40C178B}
		{31E8FDAA-632C-4280-947E-39957B598183} = {A961B08B-F732-4C07-B2DF-673874CCDEB4}
		{88919607-6A3F-4F42-964F-74FB7E0F295A} = {A961B08B-F732-4C07-B2DF-673874CCDEB4}
		{FCBDF2E6-1C44-469E-B645-16C7D54C3078} = {A961B08B-F732-4C07-B2DF-673874CCDEB4}
	EndGlobalSection
	GlobalSection(ExtensibilityGlobals) = postSolution
		SolutionGuid = {E004E487-5CA5-4A7C-9F80-469DA26AD805}
	EndGlobalSection
EndGlobal
