
Microsoft Visual Studio Solution File, Format Version 12.00
# Visual Studio Version 16
VisualStudioVersion = 16.0.34031.81
MinimumVisualStudioVersion = 10.0.40219.1
Project("{2150E333-8FDC-42A3-9474-1A3956D46DE8}") = "Task4", "Task4", "{3BFEE18A-0BF6-4078-9925-F79BDE57816F}"
EndProject
Project("{FAE04EC0-301F-11D3-BF4B-00C04F79EFBC}") = "Tyuiu.GaleevTS.Sprint3.Task4.V16", "Tyuiu.GaleevTS.Sprint3.Task4.V16\Tyuiu.GaleevTS.Sprint3.Task4.V16.csproj", "{8CB61315-597A-452F-A063-E6D1F2FC7E2C}"
EndProject
Project("{FAE04EC0-301F-11D3-BF4B-00C04F79EFBC}") = "Tyuiu.GaleevTS.Sprint3.Task4.V16.Lib", "Tyuiu.GaleevTS.Sprint3.Task4.V16.Lib\Tyuiu.GaleevTS.Sprint3.Task4.V16.Lib.csproj", "{D2CEB6DC-237C-4BD7-A23E-F09E91464DEF}"
EndProject
Project("{FAE04EC0-301F-11D3-BF4B-00C04F79EFBC}") = "Tyuiu.GaleevTS.Sprint3.Task4.V16.Test", "Tyuiu.GaleevTS.Sprint3.Task4.V16.Test\Tyuiu.GaleevTS.Sprint3.Task4.V16.Test.csproj", "{54B67AD9-FC4B-484E-A1D6-BE79F3EE2542}"
EndProject
Project("{2150E333-8FDC-42A3-9474-1A3956D46DE8}") = "Task5", "Task5", "{86A563F3-F86D-45D2-8E14-4632B10925B4}"
EndProject
Project("{FAE04EC0-301F-11D3-BF4B-00C04F79EFBC}") = "Tyuiu.GaleevTS.Sprint3.Task5.V9", "Tyuiu.GaleevTS.Sprint3.Task5.V9\Tyuiu.GaleevTS.Sprint3.Task5.V9.csproj", "{58EB36F7-B773-4878-965E-4C6A01DC2FB8}"
EndProject
Project("{FAE04EC0-301F-11D3-BF4B-00C04F79EFBC}") = "Tyuiu.GaleevTS.Sprint3.Task5.V9.Lib", "Tyuiu.GaleevTS.Sprint3.Task5.V9.Lib\Tyuiu.GaleevTS.Sprint3.Task5.V9.Lib.csproj", "{2DEE0775-EAFE-4BB5-8C9E-179FA1EDF293}"
EndProject
Project("{FAE04EC0-301F-11D3-BF4B-00C04F79EFBC}") = "Tyuiu.GaleevTS.Sprint3.Task5.V9.Test", "Tyuiu.GaleevTS.Sprint3.Task5.V9.Test\Tyuiu.GaleevTS.Sprint3.Task5.V9.Test.csproj", "{EA86F910-768F-43FD-BC28-A58CE164C3ED}"
EndProject
Global
	GlobalSection(SolutionConfigurationPlatforms) = preSolution
		Debug|Any CPU = Debug|Any CPU
		Release|Any CPU = Release|Any CPU
	EndGlobalSection
	GlobalSection(ProjectConfigurationPlatforms) = postSolution
		{8CB61315-597A-452F-A063-E6D1F2FC7E2C}.Debug|Any CPU.ActiveCfg = Debug|Any CPU
		{8CB61315-597A-452F-A063-E6D1F2FC7E2C}.Debug|Any CPU.Build.0 = Debug|Any CPU
		{8CB61315-597A-452F-A063-E6D1F2FC7E2C}.Release|Any CPU.ActiveCfg = Release|Any CPU
		{8CB61315-597A-452F-A063-E6D1F2FC7E2C}.Release|Any CPU.Build.0 = Release|Any CPU
		{D2CEB6DC-237C-4BD7-A23E-F09E91464DEF}.Debug|Any CPU.ActiveCfg = Debug|Any CPU
		{D2CEB6DC-237C-4BD7-A23E-F09E91464DEF}.Debug|Any CPU.Build.0 = Debug|Any CPU
		{D2CEB6DC-237C-4BD7-A23E-F09E91464DEF}.Release|Any CPU.ActiveCfg = Release|Any CPU
		{D2CEB6DC-237C-4BD7-A23E-F09E91464DEF}.Release|Any CPU.Build.0 = Release|Any CPU
		{54B67AD9-FC4B-484E-A1D6-BE79F3EE2542}.Debug|Any CPU.ActiveCfg = Debug|Any CPU
		{54B67AD9-FC4B-484E-A1D6-BE79F3EE2542}.Debug|Any CPU.Build.0 = Debug|Any CPU
		{54B67AD9-FC4B-484E-A1D6-BE79F3EE2542}.Release|Any CPU.ActiveCfg = Release|Any CPU
		{54B67AD9-FC4B-484E-A1D6-BE79F3EE2542}.Release|Any CPU.Build.0 = Release|Any CPU
		{58EB36F7-B773-4878-965E-4C6A01DC2FB8}.Debug|Any CPU.ActiveCfg = Debug|Any CPU
		{58EB36F7-B773-4878-965E-4C6A01DC2FB8}.Debug|Any CPU.Build.0 = Debug|Any CPU
		{58EB36F7-B773-4878-965E-4C6A01DC2FB8}.Release|Any CPU.ActiveCfg = Release|Any CPU
		{58EB36F7-B773-4878-965E-4C6A01DC2FB8}.Release|Any CPU.Build.0 = Release|Any CPU
		{2DEE0775-EAFE-4BB5-8C9E-179FA1EDF293}.Debug|Any CPU.ActiveCfg = Debug|Any CPU
		{2DEE0775-EAFE-4BB5-8C9E-179FA1EDF293}.Debug|Any CPU.Build.0 = Debug|Any CPU
		{2DEE0775-EAFE-4BB5-8C9E-179FA1EDF293}.Release|Any CPU.ActiveCfg = Release|Any CPU
		{2DEE0775-EAFE-4BB5-8C9E-179FA1EDF293}.Release|Any CPU.Build.0 = Release|Any CPU
		{EA86F910-768F-43FD-BC28-A58CE164C3ED}.Debug|Any CPU.ActiveCfg = Debug|Any CPU
		{EA86F910-768F-43FD-BC28-A58CE164C3ED}.Debug|Any CPU.Build.0 = Debug|Any CPU
		{EA86F910-768F-43FD-BC28-A58CE164C3ED}.Release|Any CPU.ActiveCfg = Release|Any CPU
		{EA86F910-768F-43FD-BC28-A58CE164C3ED}.Release|Any CPU.Build.0 = Release|Any CPU
	EndGlobalSection
	GlobalSection(SolutionProperties) = preSolution
		HideSolutionNode = FALSE
	EndGlobalSection
	GlobalSection(NestedProjects) = preSolution
		{8CB61315-597A-452F-A063-E6D1F2FC7E2C} = {3BFEE18A-0BF6-4078-9925-F79BDE57816F}
		{D2CEB6DC-237C-4BD7-A23E-F09E91464DEF} = {3BFEE18A-0BF6-4078-9925-F79BDE57816F}
		{54B67AD9-FC4B-484E-A1D6-BE79F3EE2542} = {3BFEE18A-0BF6-4078-9925-F79BDE57816F}
		{58EB36F7-B773-4878-965E-4C6A01DC2FB8} = {86A563F3-F86D-45D2-8E14-4632B10925B4}
		{2DEE0775-EAFE-4BB5-8C9E-179FA1EDF293} = {86A563F3-F86D-45D2-8E14-4632B10925B4}
		{EA86F910-768F-43FD-BC28-A58CE164C3ED} = {86A563F3-F86D-45D2-8E14-4632B10925B4}
	EndGlobalSection
	GlobalSection(ExtensibilityGlobals) = postSolution
		SolutionGuid = {E004E487-5CA5-4A7C-9F80-469DA26AD805}
	EndGlobalSection
EndGlobal
